
Microsoft Visual Studio Solution File, Format Version 12.00
# Visual Studio Version 16
VisualStudioVersion = 16.0.30204.135
MinimumVisualStudioVersion = 10.0.40219.1
Project("{9A19103F-16F7-4668-BE54-9A1E7A4F7556}") = "WebApplication1", "WebApplication1\WebApplication1.csproj", "{36C6ADFC-6DEB-4267-887B-1F0739257CEF}"
EndProject
Project("{FAE04EC0-301F-11D3-BF4B-00C04F79EFBC}") = "WebApplication2", "WebApplication2\WebApplication2.csproj", "{789FB1F4-9E19-4217-8E15-44B76834225C}"
EndProject
Global
	GlobalSection(SolutionConfigurationPlatforms) = preSolution
		Debug|Any CPU = Debug|Any CPU
		Release|Any CPU = Release|Any CPU
	EndGlobalSection
	GlobalSection(ProjectConfigurationPlatforms) = postSolution
		{36C6ADFC-6DEB-4267-887B-1F0739257CEF}.Debug|Any CPU.ActiveCfg = Debug|Any CPU
		{36C6ADFC-6DEB-4267-887B-1F0739257CEF}.Debug|Any CPU.Build.0 = Debug|Any CPU
		{36C6ADFC-6DEB-4267-887B-1F0739257CEF}.Release|Any CPU.ActiveCfg = Release|Any CPU
		{36C6ADFC-6DEB-4267-887B-1F0739257CEF}.Release|Any CPU.Build.0 = Release|Any CPU
		{789FB1F4-9E19-4217-8E15-44B76834225C}.Debug|Any CPU.ActiveCfg = Debug|Any CPU
		{789FB1F4-9E19-4217-8E15-44B76834225C}.Debug|Any CPU.Build.0 = Debug|Any CPU
		{789FB1F4-9E19-4217-8E15-44B76834225C}.Release|Any CPU.ActiveCfg = Release|Any CPU
		{789FB1F4-9E19-4217-8E15-44B76834225C}.Release|Any CPU.Build.0 = Release|Any CPU
	EndGlobalSection
	GlobalSection(SolutionProperties) = preSolution
		HideSolutionNode = FALSE
	EndGlobalSection
	GlobalSection(ExtensibilityGlobals) = postSolution
		SolutionGuid = {9975BD07-D19E-4D53-A025-987EA8CBF0FB}
	EndGlobalSection
EndGlobal
